PODS:
  - Masonry (1.1.0)
  - MirrorKit (2.0.0)
  - TBAlertController (3.0.1)

DEPENDENCIES:
  - Masonry (from `Pods/Masonry`)
  - MirrorKit (from `https://github.com/NSExceptional/MirrorKit.git`, branch `2.0`)
  - TBAlertController

SPEC REPOS:
  trunk:
    - TBAlertController

EXTERNAL SOURCES:
  Masonry:
    :path: Pods/Masonry
  MirrorKit:
    :branch: '2.0'
    :git: https://github.com/NSExceptional/MirrorKit.git

CHECKOUT OPTIONS:
  MirrorKit:
    :commit: 9ddfaea738744706220da689d6114d994e51f245
    :git: https://github.com/NSExceptional/MirrorKit.git

SPEC CHECKSUMS:
  Masonry: 678fab65091a9290e40e2832a55e7ab731aad201
  MirrorKit: 93e1e330e241a5e958d0d6b19be90502c89d60cd
  TBAlertController: cadaec5909aa7af37f4a345fb260ce9b3b0ad0c6

PODFILE CHECKSUM: 5df5c0b7e16f03e73f48ff07ec54fbf97eb52503

COCOAPODS: 1.8.4
